// !$*UTF8*$!
{
	archiveVersion = 1;
	classes = {
	};
	objectVersion = 50;
	objects = {

/* Begin PBXBuildFile section */
		B7553D0C223F329900598C46 /* AppDelegate.swift in Sources */ = {isa = PBXBuildFile; fileRef = B7553D0B223F329900598C46 /* AppDelegate.swift */; };
		B7553D11223F329900598C46 /* Main.storyboard in Resources */ = {isa = PBXBuildFile; fileRef = B7553D0F223F329900598C46 /* Main.storyboard */; };
		B7553D13223F329B00598C46 /* Assets.xcassets in Resources */ = {isa = PBXBuildFile; fileRef = B7553D12223F329B00598C46 /* Assets.xcassets */; };
		B7553D16223F329B00598C46 /* LaunchScreen.storyboard in Resources */ = {isa = PBXBuildFile; fileRef = B7553D14223F329B00598C46 /* LaunchScreen.storyboard */; };
		B7553D1E223F46D100598C46 /* AttractionsPageViewController.swift in Sources */ = {isa = PBXBuildFile; fileRef = B7553D1D223F46D100598C46 /* AttractionsPageViewController.swift */; };
		B7553D20223F503A00598C46 /* AttractionViewController.swift in Sources */ = {isa = PBXBuildFile; fileRef = B7553D1F223F503A00598C46 /* AttractionViewController.swift */; };
		B7553D24223F6B3300598C46 /* data.json in Resources */ = {isa = PBXBuildFile; fileRef = B7553D23223F6B3300598C46 /* data.json */; };
		B7553D26223F72A700598C46 /* Attraction.swift in Sources */ = {isa = PBXBuildFile; fileRef = B7553D25223F72A700598C46 /* Attraction.swift */; };
		B7553D6722401C9200598C46 /* Tupper and Reed Building.jpg in Resources */ = {isa = PBXBuildFile; fileRef = B7553D2822401C8C00598C46 /* Tupper and Reed Building.jpg */; };
		B7553D6822401C9200598C46 /* Rasputin Music.jpg in Resources */ = {isa = PBXBuildFile; fileRef = B7553D2922401C8C00598C46 /* Rasputin Music.jpg */; };
		B7553D6922401C9200598C46 /* Haas Pavilion.jpg in Resources */ = {isa = PBXBuildFile; fileRef = B7553D2A22401C8C00598C46 /* Haas Pavilion.jpg */; };
		B7553D6A22401C9200598C46 /* Captain Charles C. Boudrow House.jpg in Resources */ = {isa = PBXBuildFile; fileRef = B7553D2B22401C8C00598C46 /* Captain Charles C. Boudrow House.jpg */; };
		B7553D6B22401C9200598C46 /* Telegraph Avenue.jpg in Resources */ = {isa = PBXBuildFile; fileRef = B7553D2C22401C8D00598C46 /* Telegraph Avenue.jpg */; };
		B7553D6C22401C9200598C46 /* California Hall.jpg in Resources */ = {isa = PBXBuildFile; fileRef = B7553D2D22401C8D00598C46 /* California Hall.jpg */; };
		B7553D6D22401C9200598C46 /* Bowles Hall.jpg in Resources */ = {isa = PBXBuildFile; fileRef = B7553D2E22401C8D00598C46 /* Bowles Hall.jpg */; };
		B7553D6E22401C9200598C46 /* Berkeley Public Library.jpg in Resources */ = {isa = PBXBuildFile; fileRef = B7553D2F22401C8D00598C46 /* Berkeley Public Library.jpg */; };
		B7553D6F22401C9200598C46 /* Gilman Hall.jpg in Resources */ = {isa = PBXBuildFile; fileRef = B7553D3022401C8D00598C46 /* Gilman Hall.jpg */; };
		B7553D7022401C9200598C46 /* Bancroft Clothing.jpg in Resources */ = {isa = PBXBuildFile; fileRef = B7553D3122401C8D00598C46 /* Bancroft Clothing.jpg */; };
		B7553D7122401C9200598C46 /* Moe's Books.jpg in Resources */ = {isa = PBXBuildFile; fileRef = B7553D3222401C8D00598C46 /* Moe's Books.jpg */; };
		B7553D7222401C9200598C46 /* Big Al's.jpg in Resources */ = {isa = PBXBuildFile; fileRef = B7553D3322401C8D00598C46 /* Big Al's.jpg */; };
		B7553D7322401C9200598C46 /* Golden Sheaf Bakery.jpg in Resources */ = {isa = PBXBuildFile; fileRef = B7553D3422401C8D00598C46 /* Golden Sheaf Bakery.jpg */; };
		B7553D7422401C9200598C46 /* Jupiter.jpg in Resources */ = {isa = PBXBuildFile; fileRef = B7553D3522401C8D00598C46 /* Jupiter.jpg */; };
		B7553D7522401C9200598C46 /* Corder Building.jpg in Resources */ = {isa = PBXBuildFile; fileRef = B7553D3622401C8D00598C46 /* Corder Building.jpg */; };
		B7553D7622401C9200598C46 /* Triple Rock.jpg in Resources */ = {isa = PBXBuildFile; fileRef = B7553D3722401C8E00598C46 /* Triple Rock.jpg */; };
		B7553D7722401C9200598C46 /* Phoebe Apperson Hearst Memorial Gymnasium for Women.jpg in Resources */ = {isa = PBXBuildFile; fileRef = B7553D3822401C8E00598C46 /* Phoebe Apperson Hearst Memorial Gymnasium for Women.jpg */; };
		B7553D7822401C9200598C46 /* Berkeley Community Theater.jpg in Resources */ = {isa = PBXBuildFile; fileRef = B7553D3922401C8E00598C46 /* Berkeley Community Theater.jpg */; };
		B7553D7922401C9200598C46 /* Alphonse Berber Gallery.jpg in Resources */ = {isa = PBXBuildFile; fileRef = B7553D3A22401C8E00598C46 /* Alphonse Berber Gallery.jpg */; };
		B7553D7A22401C9200598C46 /* Civic Center Park.jpg in Resources */ = {isa = PBXBuildFile; fileRef = B7553D3B22401C8E00598C46 /* Civic Center Park.jpg */; };
		B7553D7B22401C9200598C46 /* Hilgard Hall.jpg in Resources */ = {isa = PBXBuildFile; fileRef = B7553D3C22401C8E00598C46 /* Hilgard Hall.jpg */; };
		B7553D7C22401C9200598C46 /* Rae Douglass Gallery.jpg in Resources */ = {isa = PBXBuildFile; fileRef = B7553D3D22401C8E00598C46 /* Rae Douglass Gallery.jpg */; };
		B7553D7D22401C9200598C46 /* South Hall.jpg in Resources */ = {isa = PBXBuildFile; fileRef = B7553D3E22401C8E00598C46 /* South Hall.jpg */; };
		B7553D7E22401C9200598C46 /* Berkeley Hat.jpg in Resources */ = {isa = PBXBuildFile; fileRef = B7553D3F22401C8E00598C46 /* Berkeley Hat.jpg */; };
		B7553D7F22401C9200598C46 /* Chamber of Commerce Building.jpg in Resources */ = {isa = PBXBuildFile; fileRef = B7553D4022401C8E00598C46 /* Chamber of Commerce Building.jpg */; };
		B7553D8022401C9200598C46 /* Bear Basics.jpg in Resources */ = {isa = PBXBuildFile; fileRef = B7553D4122401C8E00598C46 /* Bear Basics.jpg */; };
		B7553D8122401C9200598C46 /* North Gate Hall.jpg in Resources */ = {isa = PBXBuildFile; fileRef = B7553D4222401C8E00598C46 /* North Gate Hall.jpg */; };
		B7553D8222401C9200598C46 /* Thorsen House.jpg in Resources */ = {isa = PBXBuildFile; fileRef = B7553D4322401C8E00598C46 /* Thorsen House.jpg */; };
		B7553D8322401C9200598C46 /* Amoeba Music.jpg in Resources */ = {isa = PBXBuildFile; fileRef = B7553D4422401C8E00598C46 /* Amoeba Music.jpg */; };
		B7553D8422401C9200598C46 /* Kress Building.jpg in Resources */ = {isa = PBXBuildFile; fileRef = B7553D4522401C8F00598C46 /* Kress Building.jpg */; };
		B7553D8522401C9200598C46 /* Annapurna.jpg in Resources */ = {isa = PBXBuildFile; fileRef = B7553D4622401C8F00598C46 /* Annapurna.jpg */; };
		B7553D8622401C9200598C46 /* Berkeley Art Center.jpg in Resources */ = {isa = PBXBuildFile; fileRef = B7553D4722401C8F00598C46 /* Berkeley Art Center.jpg */; };
		B7553D8722401C9200598C46 /* Normandy Village.jpg in Resources */ = {isa = PBXBuildFile; fileRef = B7553D4822401C8F00598C46 /* Normandy Village.jpg */; };
		B7553D8822401C9200598C46 /* Temple of Wings.jpg in Resources */ = {isa = PBXBuildFile; fileRef = B7553D4922401C8F00598C46 /* Temple of Wings.jpg */; };
		B7553D8922401C9200598C46 /* Grace North Church.jpg in Resources */ = {isa = PBXBuildFile; fileRef = B7553D4A22401C8F00598C46 /* Grace North Church.jpg */; };
		B7553D8A22401C9200598C46 /* Old City Hall.jpg in Resources */ = {isa = PBXBuildFile; fileRef = B7553D4B22401C8F00598C46 /* Old City Hall.jpg */; };
		B7553D8B22401C9200598C46 /* Haas School of Business.jpg in Resources */ = {isa = PBXBuildFile; fileRef = B7553D4C22401C9000598C46 /* Haas School of Business.jpg */; };
		B7553D8C22401C9200598C46 /* Masonic Temple.jpg in Resources */ = {isa = PBXBuildFile; fileRef = B7553D4D22401C9000598C46 /* Masonic Temple.jpg */; };
		B7553D8D22401C9200598C46 /* Sather Tower.jpg in Resources */ = {isa = PBXBuildFile; fileRef = B7553D4E22401C9000598C46 /* Sather Tower.jpg */; };
		B7553D8E22401C9200598C46 /* ACCI Gallery.jpg in Resources */ = {isa = PBXBuildFile; fileRef = B7553D4F22401C9000598C46 /* ACCI Gallery.jpg */; };
		B7553D8F22401C9200598C46 /* The Beta Lounge.jpg in Resources */ = {isa = PBXBuildFile; fileRef = B7553D5022401C9000598C46 /* The Beta Lounge.jpg */; };
		B7553D9022401C9200598C46 /* Wheeler Hall.jpg in Resources */ = {isa = PBXBuildFile; fileRef = B7553D5122401C9000598C46 /* Wheeler Hall.jpg */; };
		B7553D9122401C9200598C46 /* Phoebe A. Hearst Museum of Anthropology.jpg in Resources */ = {isa = PBXBuildFile; fileRef = B7553D5222401C9000598C46 /* Phoebe A. Hearst Museum of Anthropology.jpg */; };
		B7553D9222401C9200598C46 /* First Church of Christ, Scientist.jpg in Resources */ = {isa = PBXBuildFile; fileRef = B7553D5322401C9000598C46 /* First Church of Christ, Scientist.jpg */; };
		B7553D9322401C9200598C46 /* Haviland Hall.jpg in Resources */ = {isa = PBXBuildFile; fileRef = B7553D5422401C9000598C46 /* Haviland Hall.jpg */; };
		B7553D9422401C9200598C46 /* Cloyne Court Hotel.jpg in Resources */ = {isa = PBXBuildFile; fileRef = B7553D5522401C9000598C46 /* Cloyne Court Hotel.jpg */; };
		B7553D9522401C9200598C46 /* Memorial Glade.jpg in Resources */ = {isa = PBXBuildFile; fileRef = B7553D5622401C9000598C46 /* Memorial Glade.jpg */; };
		B7553D9622401C9200598C46 /* St. Joseph the Worker Church.jpg in Resources */ = {isa = PBXBuildFile; fileRef = B7553D5722401C9100598C46 /* St. Joseph the Worker Church.jpg */; };
		B7553D9722401C9200598C46 /* St. Mark's Episcopal Church.jpg in Resources */ = {isa = PBXBuildFile; fileRef = B7553D5822401C9100598C46 /* St. Mark's Episcopal Church.jpg */; };
		B7553D9822401C9200598C46 /* Hearst Memorial Mining Building.jpg in Resources */ = {isa = PBXBuildFile; fileRef = B7553D5922401C9100598C46 /* Hearst Memorial Mining Building.jpg */; };
		B7553D9922401C9200598C46 /* University of California Museum of Paleontology.jpg in Resources */ = {isa = PBXBuildFile; fileRef = B7553D5A22401C9100598C46 /* University of California Museum of Paleontology.jpg */; };
		B7553D9A22401C9200598C46 /* Veteran's Memorial Building.jpg in Resources */ = {isa = PBXBuildFile; fileRef = B7553D5B22401C9100598C46 /* Veteran's Memorial Building.jpg */; };
		B7553D9B22401C9200598C46 /* Wellman Hall.jpg in Resources */ = {isa = PBXBuildFile; fileRef = B7553D5C22401C9100598C46 /* Wellman Hall.jpg */; };
		B7553D9C22401C9200598C46 /* Berkeley Art Museum and Pacific Film Archive.jpg in Resources */ = {isa = PBXBuildFile; fileRef = B7553D5D22401C9100598C46 /* Berkeley Art Museum and Pacific Film Archive.jpg */; };
		B7553D9D22401C9200598C46 /* Eucalyptus Grove.jpg in Resources */ = {isa = PBXBuildFile; fileRef = B7553D5E22401C9100598C46 /* Eucalyptus Grove.jpg */; };
		B7553D9E22401C9200598C46 /* Berkeley City Club.jpg in Resources */ = {isa = PBXBuildFile; fileRef = B7553D5F22401C9100598C46 /* Berkeley City Club.jpg */; };
		B7553D9F22401C9200598C46 /* University House.jpg in Resources */ = {isa = PBXBuildFile; fileRef = B7553D6022401C9100598C46 /* University House.jpg */; };
		B7553DA022401C9200598C46 /* Founders' Rock.jpg in Resources */ = {isa = PBXBuildFile; fileRef = B7553D6122401C9200598C46 /* Founders' Rock.jpg */; };
		B7553DA122401C9200598C46 /* Studio Building.jpg in Resources */ = {isa = PBXBuildFile; fileRef = B7553D6222401C9200598C46 /* Studio Building.jpg */; };
		B7553DA222401C9200598C46 /* First Unitarian Church.jpg in Resources */ = {isa = PBXBuildFile; fileRef = B7553D6322401C9200598C46 /* First Unitarian Church.jpg */; };
		B7553DA322401C9200598C46 /* Hearst Greek Theatre.jpg in Resources */ = {isa = PBXBuildFile; fileRef = B7553D6422401C9200598C46 /* Hearst Greek Theatre.jpg */; };
		B7553DA422401C9200598C46 /* Doe Memorial Library.jpg in Resources */ = {isa = PBXBuildFile; fileRef = B7553D6522401C9200598C46 /* Doe Memorial Library.jpg */; };
		B7553DA522401C9200598C46 /* Sather Gate.jpg in Resources */ = {isa = PBXBuildFile; fileRef = B7553D6622401C9200598C46 /* Sather Gate.jpg */; };
/* End PBXBuildFile section */

/* Begin PBXFileReference section */
		B7553D08223F329900598C46 /* CalTours.app */ = {isa = PBXFileReference; explicitFileType = wrapper.application; includeInIndex = 0; path = CalTours.app; sourceTree = BUILT_PRODUCTS_DIR; };
		B7553D0B223F329900598C46 /* AppDelegate.swift */ = {isa = PBXFileReference; lastKnownFileType = sourcecode.swift; path = AppDelegate.swift; sourceTree = "<group>"; };
		B7553D10223F329900598C46 /* Base */ = {isa = PBXFileReference; lastKnownFileType = file.storyboard; name = Base; path = Base.lproj/Main.storyboard; sourceTree = "<group>"; };
		B7553D12223F329B00598C46 /* Assets.xcassets */ = {isa = PBXFileReference; lastKnownFileType = folder.assetcatalog; path = Assets.xcassets; sourceTree = "<group>"; };
		B7553D15223F329B00598C46 /* Base */ = {isa = PBXFileReference; lastKnownFileType = file.storyboard; name = Base; path = Base.lproj/LaunchScreen.storyboard; sourceTree = "<group>"; };
		B7553D17223F329B00598C46 /* Info.plist */ = {isa = PBXFileReference; lastKnownFileType = text.plist.xml; path = Info.plist; sourceTree = "<group>"; };
		B7553D1D223F46D100598C46 /* AttractionsPageViewController.swift */ = {isa = PBXFileReference; lastKnownFileType = sourcecode.swift; path = AttractionsPageViewController.swift; sourceTree = "<group>"; };
		B7553D1F223F503A00598C46 /* AttractionViewController.swift */ = {isa = PBXFileReference; lastKnownFileType = sourcecode.swift; path = AttractionViewController.swift; sourceTree = "<group>"; };
		B7553D23223F6B3300598C46 /* data.json */ = {isa = PBXFileReference; lastKnownFileType = text.json; path = data.json; sourceTree = "<group>"; };
		B7553D25223F72A700598C46 /* Attraction.swift */ = {isa = PBXFileReference; lastKnownFileType = sourcecode.swift; path = Attraction.swift; sourceTree = "<group>"; };
		B7553D2822401C8C00598C46 /* Tupper and Reed Building.jpg */ = {isa = PBXFileReference; lastKnownFileType = image.jpeg; path = "Tupper and Reed Building.jpg"; sourceTree = "<group>"; };
		B7553D2922401C8C00598C46 /* Rasputin Music.jpg */ = {isa = PBXFileReference; lastKnownFileType = image.jpeg; path = "Rasputin Music.jpg"; sourceTree = "<group>"; };
		B7553D2A22401C8C00598C46 /* Haas Pavilion.jpg */ = {isa = PBXFileReference; lastKnownFileType = image.jpeg; path = "Haas Pavilion.jpg"; sourceTree = "<group>"; };
		B7553D2B22401C8C00598C46 /* Captain Charles C. Boudrow House.jpg */ = {isa = PBXFileReference; lastKnownFileType = image.jpeg; path = "Captain Charles C. Boudrow House.jpg"; sourceTree = "<group>"; };
		B7553D2C22401C8D00598C46 /* Telegraph Avenue.jpg */ = {isa = PBXFileReference; lastKnownFileType = image.jpeg; path = "Telegraph Avenue.jpg"; sourceTree = "<group>"; };
		B7553D2D22401C8D00598C46 /* California Hall.jpg */ = {isa = PBXFileReference; lastKnownFileType = image.jpeg; path = "California Hall.jpg"; sourceTree = "<group>"; };
		B7553D2E22401C8D00598C46 /* Bowles Hall.jpg */ = {isa = PBXFileReference; lastKnownFileType = image.jpeg; path = "Bowles Hall.jpg"; sourceTree = "<group>"; };
		B7553D2F22401C8D00598C46 /* Berkeley Public Library.jpg */ = {isa = PBXFileReference; lastKnownFileType = image.jpeg; path = "Berkeley Public Library.jpg"; sourceTree = "<group>"; };
		B7553D3022401C8D00598C46 /* Gilman Hall.jpg */ = {isa = PBXFileReference; lastKnownFileType = image.jpeg; path = "Gilman Hall.jpg"; sourceTree = "<group>"; };
		B7553D3122401C8D00598C46 /* Bancroft Clothing.jpg */ = {isa = PBXFileReference; lastKnownFileType = image.jpeg; path = "Bancroft Clothing.jpg"; sourceTree = "<group>"; };
		B7553D3222401C8D00598C46 /* Moe's Books.jpg */ = {isa = PBXFileReference; lastKnownFileType = image.jpeg; path = "Moe's Books.jpg"; sourceTree = "<group>"; };
		B7553D3322401C8D00598C46 /* Big Al's.jpg */ = {isa = PBXFileReference; lastKnownFileType = image.jpeg; path = "Big Al's.jpg"; sourceTree = "<group>"; };
		B7553D3422401C8D00598C46 /* Golden Sheaf Bakery.jpg */ = {isa = PBXFileReference; lastKnownFileType = image.jpeg; path = "Golden Sheaf Bakery.jpg"; sourceTree = "<group>"; };
		B7553D3522401C8D00598C46 /* Jupiter.jpg */ = {isa = PBXFileReference; lastKnownFileType = image.jpeg; path = Jupiter.jpg; sourceTree = "<group>"; };
		B7553D3622401C8D00598C46 /* Corder Building.jpg */ = {isa = PBXFileReference; lastKnownFileType = image.jpeg; path = "Corder Building.jpg"; sourceTree = "<group>"; };
		B7553D3722401C8E00598C46 /* Triple Rock.jpg */ = {isa = PBXFileReference; lastKnownFileType = image.jpeg; path = "Triple Rock.jpg"; sourceTree = "<group>"; };
		B7553D3822401C8E00598C46 /* Phoebe Apperson Hearst Memorial Gymnasium for Women.jpg */ = {isa = PBXFileReference; lastKnownFileType = image.jpeg; path = "Phoebe Apperson Hearst Memorial Gymnasium for Women.jpg"; sourceTree = "<group>"; };
		B7553D3922401C8E00598C46 /* Berkeley Community Theater.jpg */ = {isa = PBXFileReference; lastKnownFileType = image.jpeg; path = "Berkeley Community Theater.jpg"; sourceTree = "<group>"; };
		B7553D3A22401C8E00598C46 /* Alphonse Berber Gallery.jpg */ = {isa = PBXFileReference; lastKnownFileType = image.jpeg; path = "Alphonse Berber Gallery.jpg"; sourceTree = "<group>"; };
		B7553D3B22401C8E00598C46 /* Civic Center Park.jpg */ = {isa = PBXFileReference; lastKnownFileType = image.jpeg; path = "Civic Center Park.jpg"; sourceTree = "<group>"; };
		B7553D3C22401C8E00598C46 /* Hilgard Hall.jpg */ = {isa = PBXFileReference; lastKnownFileType = image.jpeg; path = "Hilgard Hall.jpg"; sourceTree = "<group>"; };
		B7553D3D22401C8E00598C46 /* Rae Douglass Gallery.jpg */ = {isa = PBXFileReference; lastKnownFileType = image.jpeg; path = "Rae Douglass Gallery.jpg"; sourceTree = "<group>"; };
		B7553D3E22401C8E00598C46 /* South Hall.jpg */ = {isa = PBXFileReference; lastKnownFileType = image.jpeg; path = "South Hall.jpg"; sourceTree = "<group>"; };
		B7553D3F22401C8E00598C46 /* Berkeley Hat.jpg */ = {isa = PBXFileReference; lastKnownFileType = image.jpeg; path = "Berkeley Hat.jpg"; sourceTree = "<group>"; };
		B7553D4022401C8E00598C46 /* Chamber of Commerce Building.jpg */ = {isa = PBXFileReference; lastKnownFileType = image.jpeg; path = "Chamber of Commerce Building.jpg"; sourceTree = "<group>"; };
		B7553D4122401C8E00598C46 /* Bear Basics.jpg */ = {isa = PBXFileReference; lastKnownFileType = image.jpeg; path = "Bear Basics.jpg"; sourceTree = "<group>"; };
		B7553D4222401C8E00598C46 /* North Gate Hall.jpg */ = {isa = PBXFileReference; lastKnownFileType = image.jpeg; path = "North Gate Hall.jpg"; sourceTree = "<group>"; };
		B7553D4322401C8E00598C46 /* Thorsen House.jpg */ = {isa = PBXFileReference; lastKnownFileType = image.jpeg; path = "Thorsen House.jpg"; sourceTree = "<group>"; };
		B7553D4422401C8E00598C46 /* Amoeba Music.jpg */ = {isa = PBXFileReference; lastKnownFileType = image.jpeg; path = "Amoeba Music.jpg"; sourceTree = "<group>"; };
		B7553D4522401C8F00598C46 /* Kress Building.jpg */ = {isa = PBXFileReference; lastKnownFileType = image.jpeg; path = "Kress Building.jpg"; sourceTree = "<group>"; };
		B7553D4622401C8F00598C46 /* Annapurna.jpg */ = {isa = PBXFileReference; lastKnownFileType = image.jpeg; path = Annapurna.jpg; sourceTree = "<group>"; };
		B7553D4722401C8F00598C46 /* Berkeley Art Center.jpg */ = {isa = PBXFileReference; lastKnownFileType = image.jpeg; path = "Berkeley Art Center.jpg"; sourceTree = "<group>"; };
		B7553D4822401C8F00598C46 /* Normandy Village.jpg */ = {isa = PBXFileReference; lastKnownFileType = image.jpeg; path = "Normandy Village.jpg"; sourceTree = "<group>"; };
		B7553D4922401C8F00598C46 /* Temple of Wings.jpg */ = {isa = PBXFileReference; lastKnownFileType = image.jpeg; path = "Temple of Wings.jpg"; sourceTree = "<group>"; };
		B7553D4A22401C8F00598C46 /* Grace North Church.jpg */ = {isa = PBXFileReference; lastKnownFileType = image.jpeg; path = "Grace North Church.jpg"; sourceTree = "<group>"; };
		B7553D4B22401C8F00598C46 /* Old City Hall.jpg */ = {isa = PBXFileReference; lastKnownFileType = image.jpeg; path = "Old City Hall.jpg"; sourceTree = "<group>"; };
		B7553D4C22401C9000598C46 /* Haas School of Business.jpg */ = {isa = PBXFileReference; lastKnownFileType = image.jpeg; path = "Haas School of Business.jpg"; sourceTree = "<group>"; };
		B7553D4D22401C9000598C46 /* Masonic Temple.jpg */ = {isa = PBXFileReference; lastKnownFileType = image.jpeg; path = "Masonic Temple.jpg"; sourceTree = "<group>"; };
		B7553D4E22401C9000598C46 /* Sather Tower.jpg */ = {isa = PBXFileReference; lastKnownFileType = image.jpeg; path = "Sather Tower.jpg"; sourceTree = "<group>"; };
		B7553D4F22401C9000598C46 /* ACCI Gallery.jpg */ = {isa = PBXFileReference; lastKnownFileType = image.jpeg; path = "ACCI Gallery.jpg"; sourceTree = "<group>"; };
		B7553D5022401C9000598C46 /* The Beta Lounge.jpg */ = {isa = PBXFileReference; lastKnownFileType = image.jpeg; path = "The Beta Lounge.jpg"; sourceTree = "<group>"; };
		B7553D5122401C9000598C46 /* Wheeler Hall.jpg */ = {isa = PBXFileReference; lastKnownFileType = image.jpeg; path = "Wheeler Hall.jpg"; sourceTree = "<group>"; };
		B7553D5222401C9000598C46 /* Phoebe A. Hearst Museum of Anthropology.jpg */ = {isa = PBXFileReference; lastKnownFileType = image.jpeg; path = "Phoebe A. Hearst Museum of Anthropology.jpg"; sourceTree = "<group>"; };
		B7553D5322401C9000598C46 /* First Church of Christ, Scientist.jpg */ = {isa = PBXFileReference; lastKnownFileType = image.jpeg; path = "First Church of Christ, Scientist.jpg"; sourceTree = "<group>"; };
		B7553D5422401C9000598C46 /* Haviland Hall.jpg */ = {isa = PBXFileReference; lastKnownFileType = image.jpeg; path = "Haviland Hall.jpg"; sourceTree = "<group>"; };
		B7553D5522401C9000598C46 /* Cloyne Court Hotel.jpg */ = {isa = PBXFileReference; lastKnownFileType = image.jpeg; path = "Cloyne Court Hotel.jpg"; sourceTree = "<group>"; };
		B7553D5622401C9000598C46 /* Memorial Glade.jpg */ = {isa = PBXFileReference; lastKnownFileType = image.jpeg; path = "Memorial Glade.jpg"; sourceTree = "<group>"; };
		B7553D5722401C9100598C46 /* St. Joseph the Worker Church.jpg */ = {isa = PBXFileReference; lastKnownFileType = image.jpeg; path = "St. Joseph the Worker Church.jpg"; sourceTree = "<group>"; };
		B7553D5822401C9100598C46 /* St. Mark's Episcopal Church.jpg */ = {isa = PBXFileReference; lastKnownFileType = image.jpeg; path = "St. Mark's Episcopal Church.jpg"; sourceTree = "<group>"; };
		B7553D5922401C9100598C46 /* Hearst Memorial Mining Building.jpg */ = {isa = PBXFileReference; lastKnownFileType = image.jpeg; path = "Hearst Memorial Mining Building.jpg"; sourceTree = "<group>"; };
		B7553D5A22401C9100598C46 /* University of California Museum of Paleontology.jpg */ = {isa = PBXFileReference; lastKnownFileType = image.jpeg; path = "University of California Museum of Paleontology.jpg"; sourceTree = "<group>"; };
		B7553D5B22401C9100598C46 /* Veteran's Memorial Building.jpg */ = {isa = PBXFileReference; lastKnownFileType = image.jpeg; path = "Veteran's Memorial Building.jpg"; sourceTree = "<group>"; };
		B7553D5C22401C9100598C46 /* Wellman Hall.jpg */ = {isa = PBXFileReference; lastKnownFileType = image.jpeg; path = "Wellman Hall.jpg"; sourceTree = "<group>"; };
		B7553D5D22401C9100598C46 /* Berkeley Art Museum and Pacific Film Archive.jpg */ = {isa = PBXFileReference; lastKnownFileType = image.jpeg; path = "Berkeley Art Museum and Pacific Film Archive.jpg"; sourceTree = "<group>"; };
		B7553D5E22401C9100598C46 /* Eucalyptus Grove.jpg */ = {isa = PBXFileReference; lastKnownFileType = image.jpeg; path = "Eucalyptus Grove.jpg"; sourceTree = "<group>"; };
		B7553D5F22401C9100598C46 /* Berkeley City Club.jpg */ = {isa = PBXFileReference; lastKnownFileType = image.jpeg; path = "Berkeley City Club.jpg"; sourceTree = "<group>"; };
		B7553D6022401C9100598C46 /* University House.jpg */ = {isa = PBXFileReference; lastKnownFileType = image.jpeg; path = "University House.jpg"; sourceTree = "<group>"; };
		B7553D6122401C9200598C46 /* Founders' Rock.jpg */ = {isa = PBXFileReference; lastKnownFileType = image.jpeg; path = "Founders' Rock.jpg"; sourceTree = "<group>"; };
		B7553D6222401C9200598C46 /* Studio Building.jpg */ = {isa = PBXFileReference; lastKnownFileType = image.jpeg; path = "Studio Building.jpg"; sourceTree = "<group>"; };
		B7553D6322401C9200598C46 /* First Unitarian Church.jpg */ = {isa = PBXFileReference; lastKnownFileType = image.jpeg; path = "First Unitarian Church.jpg"; sourceTree = "<group>"; };
		B7553D6422401C9200598C46 /* Hearst Greek Theatre.jpg */ = {isa = PBXFileReference; lastKnownFileType = image.jpeg; path = "Hearst Greek Theatre.jpg"; sourceTree = "<group>"; };
		B7553D6522401C9200598C46 /* Doe Memorial Library.jpg */ = {isa = PBXFileReference; lastKnownFileType = image.jpeg; path = "Doe Memorial Library.jpg"; sourceTree = "<group>"; };
		B7553D6622401C9200598C46 /* Sather Gate.jpg */ = {isa = PBXFileReference; lastKnownFileType = image.jpeg; path = "Sather Gate.jpg"; sourceTree = "<group>"; };
/* End PBXFileReference section */

/* Begin PBXFrameworksBuildPhase section */
		B7553D05223F329900598C46 /* Frameworks */ = {
			isa = PBXFrameworksBuildPhase;
			buildActionMask = 2147483647;
			files = (
			);
			runOnlyForDeploymentPostprocessing = 0;
		};
/* End PBXFrameworksBuildPhase section */

/* Begin PBXGroup section */
		B7553CFF223F329900598C46 = {
			isa = PBXGroup;
			children = (
				B7553D0A223F329900598C46 /* CalTours */,
				B7553D09223F329900598C46 /* Products */,
			);
			sourceTree = "<group>";
		};
		B7553D09223F329900598C46 /* Products */ = {
			isa = PBXGroup;
			children = (
				B7553D08223F329900598C46 /* CalTours.app */,
			);
			name = Products;
			sourceTree = "<group>";
		};
		B7553D0A223F329900598C46 /* CalTours */ = {
			isa = PBXGroup;
			children = (
				B7553D0B223F329900598C46 /* AppDelegate.swift */,
				B7553D0F223F329900598C46 /* Main.storyboard */,
				B7553D1F223F503A00598C46 /* AttractionViewController.swift */,
				B7553D1D223F46D100598C46 /* AttractionsPageViewController.swift */,
				B7553D25223F72A700598C46 /* Attraction.swift */,
				B7553D12223F329B00598C46 /* Assets.xcassets */,
				B7553D14223F329B00598C46 /* LaunchScreen.storyboard */,
				B7553D17223F329B00598C46 /* Info.plist */,
				B7553D23223F6B3300598C46 /* data.json */,
				B7553D2722401AE000598C46 /* imgs */,
			);
			path = CalTours;
			sourceTree = "<group>";
		};
		B7553D2722401AE000598C46 /* imgs */ = {
			isa = PBXGroup;
			children = (
				B7553D4F22401C9000598C46 /* ACCI Gallery.jpg */,
				B7553D3A22401C8E00598C46 /* Alphonse Berber Gallery.jpg */,
				B7553D4422401C8E00598C46 /* Amoeba Music.jpg */,
				B7553D4622401C8F00598C46 /* Annapurna.jpg */,
				B7553D3122401C8D00598C46 /* Bancroft Clothing.jpg */,
				B7553D4122401C8E00598C46 /* Bear Basics.jpg */,
				B7553D4722401C8F00598C46 /* Berkeley Art Center.jpg */,
				B7553D5D22401C9100598C46 /* Berkeley Art Museum and Pacific Film Archive.jpg */,
				B7553D5F22401C9100598C46 /* Berkeley City Club.jpg */,
				B7553D3922401C8E00598C46 /* Berkeley Community Theater.jpg */,
				B7553D3F22401C8E00598C46 /* Berkeley Hat.jpg */,
				B7553D2F22401C8D00598C46 /* Berkeley Public Library.jpg */,
				B7553D3322401C8D00598C46 /* Big Al's.jpg */,
				B7553D2E22401C8D00598C46 /* Bowles Hall.jpg */,
				B7553D2D22401C8D00598C46 /* California Hall.jpg */,
				B7553D2B22401C8C00598C46 /* Captain Charles C. Boudrow House.jpg */,
				B7553D4022401C8E00598C46 /* Chamber of Commerce Building.jpg */,
				B7553D3B22401C8E00598C46 /* Civic Center Park.jpg */,
				B7553D5522401C9000598C46 /* Cloyne Court Hotel.jpg */,
				B7553D3622401C8D00598C46 /* Corder Building.jpg */,
				B7553D6522401C9200598C46 /* Doe Memorial Library.jpg */,
				B7553D5E22401C9100598C46 /* Eucalyptus Grove.jpg */,
				B7553D5322401C9000598C46 /* First Church of Christ, Scientist.jpg */,
				B7553D6322401C9200598C46 /* First Unitarian Church.jpg */,
				B7553D6122401C9200598C46 /* Founders' Rock.jpg */,
				B7553D3022401C8D00598C46 /* Gilman Hall.jpg */,
				B7553D3422401C8D00598C46 /* Golden Sheaf Bakery.jpg */,
				B7553D4A22401C8F00598C46 /* Grace North Church.jpg */,
				B7553D2A22401C8C00598C46 /* Haas Pavilion.jpg */,
				B7553D4C22401C9000598C46 /* Haas School of Business.jpg */,
				B7553D5422401C9000598C46 /* Haviland Hall.jpg */,
				B7553D6422401C9200598C46 /* Hearst Greek Theatre.jpg */,
				B7553D5922401C9100598C46 /* Hearst Memorial Mining Building.jpg */,
				B7553D3C22401C8E00598C46 /* Hilgard Hall.jpg */,
				B7553D3522401C8D00598C46 /* Jupiter.jpg */,
				B7553D4522401C8F00598C46 /* Kress Building.jpg */,
				B7553D4D22401C9000598C46 /* Masonic Temple.jpg */,
				B7553D5622401C9000598C46 /* Memorial Glade.jpg */,
				B7553D3222401C8D00598C46 /* Moe's Books.jpg */,
				B7553D4822401C8F00598C46 /* Normandy Village.jpg */,
				B7553D4222401C8E00598C46 /* North Gate Hall.jpg */,
				B7553D4B22401C8F00598C46 /* Old City Hall.jpg */,
				B7553D5222401C9000598C46 /* Phoebe A. Hearst Museum of Anthropology.jpg */,
				B7553D3822401C8E00598C46 /* Phoebe Apperson Hearst Memorial Gymnasium for Women.jpg */,
				B7553D3D22401C8E00598C46 /* Rae Douglass Gallery.jpg */,
				B7553D2922401C8C00598C46 /* Rasputin Music.jpg */,
				B7553D6622401C9200598C46 /* Sather Gate.jpg */,
				B7553D4E22401C9000598C46 /* Sather Tower.jpg */,
				B7553D3E22401C8E00598C46 /* South Hall.jpg */,
				B7553D5722401C9100598C46 /* St. Joseph the Worker Church.jpg */,
				B7553D5822401C9100598C46 /* St. Mark's Episcopal Church.jpg */,
				B7553D6222401C9200598C46 /* Studio Building.jpg */,
				B7553D2C22401C8D00598C46 /* Telegraph Avenue.jpg */,
				B7553D4922401C8F00598C46 /* Temple of Wings.jpg */,
				B7553D5022401C9000598C46 /* The Beta Lounge.jpg */,
				B7553D4322401C8E00598C46 /* Thorsen House.jpg */,
				B7553D3722401C8E00598C46 /* Triple Rock.jpg */,
				B7553D2822401C8C00598C46 /* Tupper and Reed Building.jpg */,
				B7553D6022401C9100598C46 /* University House.jpg */,
				B7553D5A22401C9100598C46 /* University of California Museum of Paleontology.jpg */,
				B7553D5B22401C9100598C46 /* Veteran's Memorial Building.jpg */,
				B7553D5C22401C9100598C46 /* Wellman Hall.jpg */,
				B7553D5122401C9000598C46 /* Wheeler Hall.jpg */,
			);
			path = imgs;
			sourceTree = "<group>";
		};
/* End PBXGroup section */

/* Begin PBXNativeTarget section */
		B7553D07223F329900598C46 /* CalTours */ = {
			isa = PBXNativeTarget;
			buildConfigurationList = B7553D1A223F329B00598C46 /* Build configuration list for PBXNativeTarget "CalTours" */;
			buildPhases = (
				B7553D04223F329900598C46 /* Sources */,
				B7553D05223F329900598C46 /* Frameworks */,
				B7553D06223F329900598C46 /* Resources */,
			);
			buildRules = (
			);
			dependencies = (
			);
			name = CalTours;
			productName = CalTours;
			productReference = B7553D08223F329900598C46 /* CalTours.app */;
			productType = "com.apple.product-type.application";
		};
/* End PBXNativeTarget section */

/* Begin PBXProject section */
		B7553D00223F329900598C46 /* Project object */ = {
			isa = PBXProject;
			attributes = {
				LastSwiftUpdateCheck = 1010;
				LastUpgradeCheck = 1010;
				ORGANIZATIONNAME = "Egg Altar";
				TargetAttributes = {
					B7553D07223F329900598C46 = {
						CreatedOnToolsVersion = 10.1;
					};
				};
			};
			buildConfigurationList = B7553D03223F329900598C46 /* Build configuration list for PBXProject "CalTours" */;
			compatibilityVersion = "Xcode 9.3";
			developmentRegion = en;
			hasScannedForEncodings = 0;
			knownRegions = (
				en,
				Base,
			);
			mainGroup = B7553CFF223F329900598C46;
			productRefGroup = B7553D09223F329900598C46 /* Products */;
			projectDirPath = "";
			projectRoot = "";
			targets = (
				B7553D07223F329900598C46 /* CalTours */,
			);
		};
/* End PBXProject section */

/* Begin PBXResourcesBuildPhase section */
		B7553D06223F329900598C46 /* Resources */ = {
			isa = PBXResourcesBuildPhase;
			buildActionMask = 2147483647;
			files = (
				B7553D8922401C9200598C46 /* Grace North Church.jpg in Resources */,
				B7553D9A22401C9200598C46 /* Veteran's Memorial Building.jpg in Resources */,
				B7553D7822401C9200598C46 /* Berkeley Community Theater.jpg in Resources */,
				B7553D16223F329B00598C46 /* LaunchScreen.storyboard in Resources */,
				B7553D7722401C9200598C46 /* Phoebe Apperson Hearst Memorial Gymnasium for Women.jpg in Resources */,
				B7553D9D22401C9200598C46 /* Eucalyptus Grove.jpg in Resources */,
				B7553D8022401C9200598C46 /* Bear Basics.jpg in Resources */,
				B7553D8822401C9200598C46 /* Temple of Wings.jpg in Resources */,
				B7553D7022401C9200598C46 /* Bancroft Clothing.jpg in Resources */,
				B7553D13223F329B00598C46 /* Assets.xcassets in Resources */,
				B7553D6F22401C9200598C46 /* Gilman Hall.jpg in Resources */,
				B7553D8422401C9200598C46 /* Kress Building.jpg in Resources */,
				B7553D9622401C9200598C46 /* St. Joseph the Worker Church.jpg in Resources */,
				B7553D8222401C9200598C46 /* Thorsen House.jpg in Resources */,
				B7553D8622401C9200598C46 /* Berkeley Art Center.jpg in Resources */,
				B7553D7222401C9200598C46 /* Big Al's.jpg in Resources */,
				B7553D9B22401C9200598C46 /* Wellman Hall.jpg in Resources */,
				B7553D8F22401C9200598C46 /* The Beta Lounge.jpg in Resources */,
				B7553D8122401C9200598C46 /* North Gate Hall.jpg in Resources */,
				B7553D6922401C9200598C46 /* Haas Pavilion.jpg in Resources */,
				B7553D8522401C9200598C46 /* Annapurna.jpg in Resources */,
				B7553D6C22401C9200598C46 /* California Hall.jpg in Resources */,
				B7553D9C22401C9200598C46 /* Berkeley Art Museum and Pacific Film Archive.jpg in Resources */,
				B7553D9922401C9200598C46 /* University of California Museum of Paleontology.jpg in Resources */,
				B7553D6822401C9200598C46 /* Rasputin Music.jpg in Resources */,
				B7553DA222401C9200598C46 /* First Unitarian Church.jpg in Resources */,
				B7553D6E22401C9200598C46 /* Berkeley Public Library.jpg in Resources */,
				B7553D6D22401C9200598C46 /* Bowles Hall.jpg in Resources */,
				B7553D7522401C9200598C46 /* Corder Building.jpg in Resources */,
				B7553D9722401C9200598C46 /* St. Mark's Episcopal Church.jpg in Resources */,
				B7553D9022401C9200598C46 /* Wheeler Hall.jpg in Resources */,
				B7553D6A22401C9200598C46 /* Captain Charles C. Boudrow House.jpg in Resources */,
				B7553D9422401C9200598C46 /* Cloyne Court Hotel.jpg in Resources */,
				B7553D7422401C9200598C46 /* Jupiter.jpg in Resources */,
				B7553D7622401C9200598C46 /* Triple Rock.jpg in Resources */,
				B7553D6722401C9200598C46 /* Tupper and Reed Building.jpg in Resources */,
				B7553D9322401C9200598C46 /* Haviland Hall.jpg in Resources */,
				B7553D8A22401C9200598C46 /* Old City Hall.jpg in Resources */,
				B7553D7D22401C9200598C46 /* South Hall.jpg in Resources */,
				B7553D7A22401C9200598C46 /* Civic Center Park.jpg in Resources */,
				B7553D7322401C9200598C46 /* Golden Sheaf Bakery.jpg in Resources */,
				B7553DA522401C9200598C46 /* Sather Gate.jpg in Resources */,
				B7553D7C22401C9200598C46 /* Rae Douglass Gallery.jpg in Resources */,
				B7553D8B22401C9200598C46 /* Haas School of Business.jpg in Resources */,
				B7553D8E22401C9200598C46 /* ACCI Gallery.jpg in Resources */,
				B7553D9E22401C9200598C46 /* Berkeley City Club.jpg in Resources */,
				B7553D8D22401C9200598C46 /* Sather Tower.jpg in Resources */,
				B7553D7B22401C9200598C46 /* Hilgard Hall.jpg in Resources */,
				B7553D8C22401C9200598C46 /* Masonic Temple.jpg in Resources */,
				B7553D8722401C9200598C46 /* Normandy Village.jpg in Resources */,
				B7553D11223F329900598C46 /* Main.storyboard in Resources */,
				B7553DA422401C9200598C46 /* Doe Memorial Library.jpg in Resources */,
				B7553D7F22401C9200598C46 /* Chamber of Commerce Building.jpg in Resources */,
				B7553DA322401C9200598C46 /* Hearst Greek Theatre.jpg in Resources */,
				B7553D6B22401C9200598C46 /* Telegraph Avenue.jpg in Resources */,
				B7553D24223F6B3300598C46 /* data.json in Resources */,
				B7553D9522401C9200598C46 /* Memorial Glade.jpg in Resources */,
				B7553DA022401C9200598C46 /* Founders' Rock.jpg in Resources */,
				B7553D8322401C9200598C46 /* Amoeba Music.jpg in Resources */,
				B7553D9F22401C9200598C46 /* University House.jpg in Resources */,
				B7553D7922401C9200598C46 /* Alphonse Berber Gallery.jpg in Resources */,
				B7553D7122401C9200598C46 /* Moe's Books.jpg in Resources */,
				B7553D9222401C9200598C46 /* First Church of Christ, Scientist.jpg in Resources */,
				B7553D9822401C9200598C46 /* Hearst Memorial Mining Building.jpg in Resources */,
				B7553DA122401C9200598C46 /* Studio Building.jpg in Resources */,
				B7553D9122401C9200598C46 /* Phoebe A. Hearst Museum of Anthropology.jpg in Resources */,
				B7553D7E22401C9200598C46 /* Berkeley Hat.jpg in Resources */,
			);
			runOnlyForDeploymentPostprocessing = 0;
		};
/* End PBXResourcesBuildPhase section */

/* Begin PBXSourcesBuildPhase section */
		B7553D04223F329900598C46 /* Sources */ = {
			isa = PBXSourcesBuildPhase;
			buildActionMask = 2147483647;
			files = (
				B7553D26223F72A700598C46 /* Attraction.swift in Sources */,
				B7553D1E223F46D100598C46 /* AttractionsPageViewController.swift in Sources */,
				B7553D0C223F329900598C46 /* AppDelegate.swift in Sources */,
				B7553D20223F503A00598C46 /* AttractionViewController.swift in Sources */,
			);
			runOnlyForDeploymentPostprocessing = 0;
		};
/* End PBXSourcesBuildPhase section */

/* Begin PBXVariantGroup section */
		B7553D0F223F329900598C46 /* Main.storyboard */ = {
			isa = PBXVariantGroup;
			children = (
				B7553D10223F329900598C46 /* Base */,
			);
			name = Main.storyboard;
			sourceTree = "<group>";
		};
		B7553D14223F329B00598C46 /* LaunchScreen.storyboard */ = {
			isa = PBXVariantGroup;
			children = (
				B7553D15223F329B00598C46 /* Base */,
			);
			name = LaunchScreen.storyboard;
			sourceTree = "<group>";
		};
/* End PBXVariantGroup section */

/* Begin XCBuildConfiguration section */
		B7553D18223F329B00598C46 /* Debug */ = {
			isa = XCBuildConfiguration;
			buildSettings = {
				ALWAYS_SEARCH_USER_PATHS = NO;
				CLANG_ANALYZER_NONNULL = YES;
				CLANG_ANALYZER_NUMBER_OBJECT_CONVERSION = YES_AGGRESSIVE;
				CLANG_CXX_LANGUAGE_STANDARD = "gnu++14";
				CLANG_CXX_LIBRARY = "libc++";
				CLANG_ENABLE_MODULES = YES;
				CLANG_ENABLE_OBJC_ARC = YES;
				CLANG_ENABLE_OBJC_WEAK = YES;
				CLANG_WARN_BLOCK_CAPTURE_AUTORELEASING = YES;
				CLANG_WARN_BOOL_CONVERSION = YES;
				CLANG_WARN_COMMA = YES;
				CLANG_WARN_CONSTANT_CONVERSION = YES;
				CLANG_WARN_DEPRECATED_OBJC_IMPLEMENTATIONS = YES;
				CLANG_WARN_DIRECT_OBJC_ISA_USAGE = YES_ERROR;
				CLANG_WARN_DOCUMENTATION_COMMENTS = YES;
				CLANG_WARN_EMPTY_BODY = YES;
				CLANG_WARN_ENUM_CONVERSION = YES;
				CLANG_WARN_INFINITE_RECURSION = YES;
				CLANG_WARN_INT_CONVERSION = YES;
				CLANG_WARN_NON_LITERAL_NULL_CONVERSION = YES;
				CLANG_WARN_OBJC_IMPLICIT_RETAIN_SELF = YES;
				CLANG_WARN_OBJC_LITERAL_CONVERSION = YES;
				CLANG_WARN_OBJC_ROOT_CLASS = YES_ERROR;
				CLANG_WARN_RANGE_LOOP_ANALYSIS = YES;
				CLANG_WARN_STRICT_PROTOTYPES = YES;
				CLANG_WARN_SUSPICIOUS_MOVE = YES;
				CLANG_WARN_UNGUARDED_AVAILABILITY = YES_AGGRESSIVE;
				CLANG_WARN_UNREACHABLE_CODE = YES;
				CLANG_WARN__DUPLICATE_METHOD_MATCH = YES;
				CODE_SIGN_IDENTITY = "iPhone Developer";
				COPY_PHASE_STRIP = NO;
				DEBUG_INFORMATION_FORMAT = dwarf;
				ENABLE_STRICT_OBJC_MSGSEND = YES;
				ENABLE_TESTABILITY = YES;
				GCC_C_LANGUAGE_STANDARD = gnu11;
				GCC_DYNAMIC_NO_PIC = NO;
				GCC_NO_COMMON_BLOCKS = YES;
				GCC_OPTIMIZATION_LEVEL = 0;
				GCC_PREPROCESSOR_DEFINITIONS = (
					"DEBUG=1",
					"$(inherited)",
				);
				GCC_WARN_64_TO_32_BIT_CONVERSION = YES;
				GCC_WARN_ABOUT_RETURN_TYPE = YES_ERROR;
				GCC_WARN_UNDECLARED_SELECTOR = YES;
				GCC_WARN_UNINITIALIZED_AUTOS = YES_AGGRESSIVE;
				GCC_WARN_UNUSED_FUNCTION = YES;
				GCC_WARN_UNUSED_VARIABLE = YES;
				IPHONEOS_DEPLOYMENT_TARGET = 12.1;
				MTL_ENABLE_DEBUG_INFO = INCLUDE_SOURCE;
				MTL_FAST_MATH = YES;
				ONLY_ACTIVE_ARCH = YES;
				SDKROOT = iphoneos;
				SWIFT_ACTIVE_COMPILATION_CONDITIONS = DEBUG;
				SWIFT_OPTIMIZATION_LEVEL = "-Onone";
			};
			name = Debug;
		};
		B7553D19223F329B00598C46 /* Release */ = {
			isa = XCBuildConfiguration;
			buildSettings = {
				ALWAYS_SEARCH_USER_PATHS = NO;
				CLANG_ANALYZER_NONNULL = YES;
				CLANG_ANALYZER_NUMBER_OBJECT_CONVERSION = YES_AGGRESSIVE;
				CLANG_CXX_LANGUAGE_STANDARD = "gnu++14";
				CLANG_CXX_LIBRARY = "libc++";
				CLANG_ENABLE_MODULES = YES;
				CLANG_ENABLE_OBJC_ARC = YES;
				CLANG_ENABLE_OBJC_WEAK = YES;
				CLANG_WARN_BLOCK_CAPTURE_AUTORELEASING = YES;
				CLANG_WARN_BOOL_CONVERSION = YES;
				CLANG_WARN_COMMA = YES;
				CLANG_WARN_CONSTANT_CONVERSION = YES;
				CLANG_WARN_DEPRECATED_OBJC_IMPLEMENTATIONS = YES;
				CLANG_WARN_DIRECT_OBJC_ISA_USAGE = YES_ERROR;
				CLANG_WARN_DOCUMENTATION_COMMENTS = YES;
				CLANG_WARN_EMPTY_BODY = YES;
				CLANG_WARN_ENUM_CONVERSION = YES;
				CLANG_WARN_INFINITE_RECURSION = YES;
				CLANG_WARN_INT_CONVERSION = YES;
				CLANG_WARN_NON_LITERAL_NULL_CONVERSION = YES;
				CLANG_WARN_OBJC_IMPLICIT_RETAIN_SELF = YES;
				CLANG_WARN_OBJC_LITERAL_CONVERSION = YES;
				CLANG_WARN_OBJC_ROOT_CLASS = YES_ERROR;
				CLANG_WARN_RANGE_LOOP_ANALYSIS = YES;
				CLANG_WARN_STRICT_PROTOTYPES = YES;
				CLANG_WARN_SUSPICIOUS_MOVE = YES;
				CLANG_WARN_UNGUARDED_AVAILABILITY = YES_AGGRESSIVE;
				CLANG_WARN_UNREACHABLE_CODE = YES;
				CLANG_WARN__DUPLICATE_METHOD_MATCH = YES;
				CODE_SIGN_IDENTITY = "iPhone Developer";
				COPY_PHASE_STRIP = NO;
				DEBUG_INFORMATION_FORMAT = "dwarf-with-dsym";
				ENABLE_NS_ASSERTIONS = NO;
				ENABLE_STRICT_OBJC_MSGSEND = YES;
				GCC_C_LANGUAGE_STANDARD = gnu11;
				GCC_NO_COMMON_BLOCKS = YES;
				GCC_WARN_64_TO_32_BIT_CONVERSION = YES;
				GCC_WARN_ABOUT_RETURN_TYPE = YES_ERROR;
				GCC_WARN_UNDECLARED_SELECTOR = YES;
				GCC_WARN_UNINITIALIZED_AUTOS = YES_AGGRESSIVE;
				GCC_WARN_UNUSED_FUNCTION = YES;
				GCC_WARN_UNUSED_VARIABLE = YES;
				IPHONEOS_DEPLOYMENT_TARGET = 12.1;
				MTL_ENABLE_DEBUG_INFO = NO;
				MTL_FAST_MATH = YES;
				SDKROOT = iphoneos;
				SWIFT_COMPILATION_MODE = wholemodule;
				SWIFT_OPTIMIZATION_LEVEL = "-O";
				VALIDATE_PRODUCT = YES;
			};
			name = Release;
		};
		B7553D1B223F329B00598C46 /* Debug */ = {
			isa = XCBuildConfiguration;
			buildSettings = {
				ASSETCATALOG_COMPILER_APPICON_NAME = AppIcon;
				CODE_SIGN_STYLE = Automatic;
				DEVELOPMENT_TEAM = 7W5U6M68WN;
				INFOPLIST_FILE = CalTours/Info.plist;
				LD_RUNPATH_SEARCH_PATHS = (
					"$(inherited)",
					"@executable_path/Frameworks",
				);
				PRODUCT_BUNDLE_IDENTIFIER = com.EggAltar.CalTours;
				PRODUCT_NAME = "$(TARGET_NAME)";
				SWIFT_VERSION = 4.2;
				TARGETED_DEVICE_FAMILY = "1,2";
			};
			name = Debug;
		};
		B7553D1C223F329B00598C46 /* Release */ = {
			isa = XCBuildConfiguration;
			buildSettings = {
				ASSETCATALOG_COMPILER_APPICON_NAME = AppIcon;
				CODE_SIGN_STYLE = Automatic;
				DEVELOPMENT_TEAM = 7W5U6M68WN;
				INFOPLIST_FILE = CalTours/Info.plist;
				LD_RUNPATH_SEARCH_PATHS = (
					"$(inherited)",
					"@executable_path/Frameworks",
				);
				PRODUCT_BUNDLE_IDENTIFIER = com.EggAltar.CalTours;
				PRODUCT_NAME = "$(TARGET_NAME)";
				SWIFT_VERSION = 4.2;
				TARGETED_DEVICE_FAMILY = "1,2";
			};
			name = Release;
		};
/* End XCBuildConfiguration section */

/* Begin XCConfigurationList section */
		B7553D03223F329900598C46 /* Build configuration list for PBXProject "CalTours" */ = {
			isa = XCConfigurationList;
			buildConfigurations = (
				B7553D18223F329B00598C46 /* Debug */,
				B7553D19223F329B00598C46 /* Release */,
			);
			defaultConfigurationIsVisible = 0;
			defaultConfigurationName = Release;
		};
		B7553D1A223F329B00598C46 /* Build configuration list for PBXNativeTarget "CalTours" */ = {
			isa = XCConfigurationList;
			buildConfigurations = (
				B7553D1B223F329B00598C46 /* Debug */,
				B7553D1C223F329B00598C46 /* Release */,
			);
			defaultConfigurationIsVisible = 0;
			defaultConfigurationName = Release;
		};
/* End XCConfigurationList section */
	};
	rootObject = B7553D00223F329900598C46 /* Project object */;
}
